
Microsoft Visual Studio Solution File, Format Version 12.00
# Visual Studio Version 17
VisualStudioVersion = 17.9.34511.98
MinimumVisualStudioVersion = 10.0.40219.1
Project("{9A19103F-16F7-4668-BE54-9A1E7A4F7556}") = "DrNetToolkit.HighPerformance", "src\DrNetToolkit.HighPerformance\src\DrNetToolkit.HighPerformance.csproj", "{EE83B427-6251-4F53-B13C-2F5EDBCDE1CC}"
EndProject
Project("{9A19103F-16F7-4668-BE54-9A1E7A4F7556}") = "DrNetToolkit.HighPerformance.UnitTests", "src\DrNetToolkit.HighPerformance\tests\DrNetToolkit.HighPerformance.UnitTests.csproj", "{324D432A-A644-4F12-9A7D-DB0881EF88C9}"
EndProject
Project("{9A19103F-16F7-4668-BE54-9A1E7A4F7556}") = "DrNetToolkit.HighPerformance.Benchmarks", "src\DrNetToolkit.HighPerformance\benchmarks\DrNetToolkit.HighPerformance.Benchmarks.csproj", "{CADE15D7-D3E8-4263-B9C7-788D4450760F}"
EndProject
Project("{2150E333-8FDC-42A3-9474-1A3956D46DE8}") = "Solution Items", "Solution Items", "{02B4116A-CFC5-4685-9B95-E0D141E5D7C0}"
EndProject
Project("{2150E333-8FDC-42A3-9474-1A3956D46DE8}") = "Config", "Config", "{5CA19DC6-6C0A-404E-B763-4998D465A20A}"
	ProjectSection(SolutionItems) = preProject
		.editorconfig = .editorconfig
		.gitattributes = .gitattributes
		.gitignore = .gitignore
	EndProjectSection
EndProject
Project("{2150E333-8FDC-42A3-9474-1A3956D46DE8}") = "Docs", "Docs", "{45DD5601-3186-460F-A50E-D4CF1022665A}"
	ProjectSection(SolutionItems) = preProject
		Copyright.md = Copyright.md
		License.md = License.md
		README.md = README.md
	EndProjectSection
EndProject
Project("{2150E333-8FDC-42A3-9474-1A3956D46DE8}") = "Build", "Build", "{9BE8C30E-E6CE-46A3-9ADF-7067F9C76431}"
	ProjectSection(SolutionItems) = preProject
		Directory.Build.props = Directory.Build.props
		Directory.Build.targets = Directory.Build.targets
	EndProjectSection
EndProject
Project("{2150E333-8FDC-42A3-9474-1A3956D46DE8}") = ".github", ".github", "{C2E9FEBA-4696-4819-9F22-D559C0E6C33B}"
EndProject
Project("{2150E333-8FDC-42A3-9474-1A3956D46DE8}") = "workflows", "workflows", "{4270F9F5-B20E-4C17-8D2B-24FC191685A0}"
	ProjectSection(SolutionItems) = preProject
		.github\workflows\dotnet.yml = .github\workflows\dotnet.yml
	EndProjectSection
EndProject
Project("{9A19103F-16F7-4668-BE54-9A1E7A4F7556}") = "DrNetToolkit.Diagnostics", "src\DrNetToolkit.Diagnostics\src\DrNetToolkit.Diagnostics.csproj", "{1E15791B-5BCE-4188-A1DC-1D957851D993}"
EndProject
Project("{2150E333-8FDC-42A3-9474-1A3956D46DE8}") = "Nuget", "Nuget", "{F055D268-61AC-40A4-8484-6033F7CDB823}"
	ProjectSection(SolutionItems) = preProject
		build\DrNetToolkit.Build.props = build\DrNetToolkit.Build.props
		build\DrNetToolkit.Build.targets = build\DrNetToolkit.Build.targets
		build\nuget.png = build\nuget.png
		build\NugetPush.cmd = build\NugetPush.cmd
		version.json = version.json
	EndProjectSection
EndProject
Project("{9A19103F-16F7-4668-BE54-9A1E7A4F7556}") = "DrNetToolkit.Common", "src\DrNetToolkit.Common\src\DrNetToolkit.Common.csproj", "{0B3C2D9E-D2DE-443B-B18D-3D9728D085C4}"
EndProject
Project("{9A19103F-16F7-4668-BE54-9A1E7A4F7556}") = "DrNetToolkit.Core", "src\DrNetToolkit.Core\src\DrNetToolkit.Core.csproj", "{FED06A90-9B9D-49EB-90BA-180048694699}"
EndProject
Project("{9A19103F-16F7-4668-BE54-9A1E7A4F7556}") = "DrNetToolkit.Core.Benchmarks", "src\DrNetToolkit.Core\benchmarks\DrNetToolkit.Core.Benchmarks.csproj", "{F1941FC7-B155-472B-8E11-A628C2592469}"
EndProject
Project("{FAE04EC0-301F-11D3-BF4B-00C04F79EFBC}") = "DrNetToolkit.Polyfills", "src\DrNetToolkit.Polyfills\src\DrNetToolkit.Polyfills.csproj", "{530D7B92-31D7-495D-AFCC-9C9F6A548BCB}"
EndProject
Global
	GlobalSection(SolutionConfigurationPlatforms) = preSolution
		Debug|Any CPU = Debug|Any CPU
		Release|Any CPU = Release|Any CPU
	EndGlobalSection
	GlobalSection(ProjectConfigurationPlatforms) = postSolution
		{EE83B427-6251-4F53-B13C-2F5EDBCDE1CC}.Debug|Any CPU.ActiveCfg = Debug|Any CPU
		{EE83B427-6251-4F53-B13C-2F5EDBCDE1CC}.Debug|Any CPU.Build.0 = Debug|Any CPU
		{EE83B427-6251-4F53-B13C-2F5EDBCDE1CC}.Release|Any CPU.ActiveCfg = Release|Any CPU
		{EE83B427-6251-4F53-B13C-2F5EDBCDE1CC}.Release|Any CPU.Build.0 = Release|Any CPU
		{324D432A-A644-4F12-9A7D-DB0881EF88C9}.Debug|Any CPU.ActiveCfg = Debug|Any CPU
		{324D432A-A644-4F12-9A7D-DB0881EF88C9}.Debug|Any CPU.Build.0 = Debug|Any CPU
		{324D432A-A644-4F12-9A7D-DB0881EF88C9}.Release|Any CPU.ActiveCfg = Release|Any CPU
		{324D432A-A644-4F12-9A7D-DB0881EF88C9}.Release|Any CPU.Build.0 = Release|Any CPU
		{CADE15D7-D3E8-4263-B9C7-788D4450760F}.Debug|Any CPU.ActiveCfg = Debug|Any CPU
		{CADE15D7-D3E8-4263-B9C7-788D4450760F}.Debug|Any CPU.Build.0 = Debug|Any CPU
		{CADE15D7-D3E8-4263-B9C7-788D4450760F}.Release|Any CPU.ActiveCfg = Release|Any CPU
		{CADE15D7-D3E8-4263-B9C7-788D4450760F}.Release|Any CPU.Build.0 = Release|Any CPU
		{1E15791B-5BCE-4188-A1DC-1D957851D993}.Debug|Any CPU.ActiveCfg = Debug|Any CPU
		{1E15791B-5BCE-4188-A1DC-1D957851D993}.Debug|Any CPU.Build.0 = Debug|Any CPU
		{1E15791B-5BCE-4188-A1DC-1D957851D993}.Release|Any CPU.ActiveCfg = Release|Any CPU
		{1E15791B-5BCE-4188-A1DC-1D957851D993}.Release|Any CPU.Build.0 = Release|Any CPU
		{0B3C2D9E-D2DE-443B-B18D-3D9728D085C4}.Debug|Any CPU.ActiveCfg = Debug|Any CPU
		{0B3C2D9E-D2DE-443B-B18D-3D9728D085C4}.Debug|Any CPU.Build.0 = Debug|Any CPU
		{0B3C2D9E-D2DE-443B-B18D-3D9728D085C4}.Release|Any CPU.ActiveCfg = Release|Any CPU
		{0B3C2D9E-D2DE-443B-B18D-3D9728D085C4}.Release|Any CPU.Build.0 = Release|Any CPU
		{FED06A90-9B9D-49EB-90BA-180048694699}.Debug|Any CPU.ActiveCfg = Debug|Any CPU
		{FED06A90-9B9D-49EB-90BA-180048694699}.Debug|Any CPU.Build.0 = Debug|Any CPU
		{FED06A90-9B9D-49EB-90BA-180048694699}.Release|Any CPU.ActiveCfg = Release|Any CPU
		{FED06A90-9B9D-49EB-90BA-180048694699}.Release|Any CPU.Build.0 = Release|Any CPU
		{F1941FC7-B155-472B-8E11-A628C2592469}.Debug|Any CPU.ActiveCfg = Debug|Any CPU
		{F1941FC7-B155-472B-8E11-A628C2592469}.Debug|Any CPU.Build.0 = Debug|Any CPU
		{F1941FC7-B155-472B-8E11-A628C2592469}.Release|Any CPU.ActiveCfg = Release|Any CPU
		{F1941FC7-B155-472B-8E11-A628C2592469}.Release|Any CPU.Build.0 = Release|Any CPU
		{530D7B92-31D7-495D-AFCC-9C9F6A548BCB}.Debug|Any CPU.ActiveCfg = Debug|Any CPU
		{530D7B92-31D7-495D-AFCC-9C9F6A548BCB}.Debug|Any CPU.Build.0 = Debug|Any CPU
		{530D7B92-31D7-495D-AFCC-9C9F6A548BCB}.Release|Any CPU.ActiveCfg = Release|Any CPU
		{530D7B92-31D7-495D-AFCC-9C9F6A548BCB}.Release|Any CPU.Build.0 = Release|Any CPU
	EndGlobalSection
	GlobalSection(SolutionProperties) = preSolution
		HideSolutionNode = FALSE
	EndGlobalSection
	GlobalSection(NestedProjects) = preSolution
		{5CA19DC6-6C0A-404E-B763-4998D465A20A} = {02B4116A-CFC5-4685-9B95-E0D141E5D7C0}
		{45DD5601-3186-460F-A50E-D4CF1022665A} = {02B4116A-CFC5-4685-9B95-E0D141E5D7C0}
		{9BE8C30E-E6CE-46A3-9ADF-7067F9C76431} = {02B4116A-CFC5-4685-9B95-E0D141E5D7C0}
		{C2E9FEBA-4696-4819-9F22-D559C0E6C33B} = {02B4116A-CFC5-4685-9B95-E0D141E5D7C0}
		{4270F9F5-B20E-4C17-8D2B-24FC191685A0} = {C2E9FEBA-4696-4819-9F22-D559C0E6C33B}
		{F055D268-61AC-40A4-8484-6033F7CDB823} = {9BE8C30E-E6CE-46A3-9ADF-7067F9C76431}
	EndGlobalSection
	GlobalSection(ExtensibilityGlobals) = postSolution
		SolutionGuid = {9C72CE3D-438E-404D-818D-7A4C576C6903}
	EndGlobalSection
EndGlobal
