
Microsoft Visual Studio Solution File, Format Version 12.00
# Visual Studio Version 17
VisualStudioVersion = 17.9.34511.98
MinimumVisualStudioVersion = 10.0.40219.1
Project("{9A19103F-16F7-4668-BE54-9A1E7A4F7556}") = "DrNetToolkit.HighPerformance", "src\DrNetToolkit.HighPerformance\src\DrNetToolkit.HighPerformance.csproj", "{EE83B427-6251-4F53-B13C-2F5EDBCDE1CC}"
EndProject
Project("{9A19103F-16F7-4668-BE54-9A1E7A4F7556}") = "DrNetToolkit.HighPerformance.UnitTests", "src\DrNetToolkit.HighPerformance\tests\DrNetToolkit.HighPerformance.UnitTests.csproj", "{324D432A-A644-4F12-9A7D-DB0881EF88C9}"
EndProject
Project("{9A19103F-16F7-4668-BE54-9A1E7A4F7556}") = "DrNetToolkit.HighPerformance.Benchmarks", "src\DrNetToolkit.HighPerformance\benchmarks\DrNetToolkit.HighPerformance.Benchmarks.csproj", "{CADE15D7-D3E8-4263-B9C7-788D4450760F}"
EndProject
Project("{2150E333-8FDC-42A3-9474-1A3956D46DE8}") = "Solution Items", "Solution Items", "{02B4116A-CFC5-4685-9B95-E0D141E5D7C0}"
EndProject
Project("{2150E333-8FDC-42A3-9474-1A3956D46DE8}") = "Config", "Config", "{5CA19DC6-6C0A-404E-B763-4998D465A20A}"
	ProjectSection(SolutionItems) = preProject
		.editorconfig = .editorconfig
		.gitattributes = .gitattributes
		.gitignore = .gitignore
	EndProjectSection
EndProject
Project("{2150E333-8FDC-42A3-9474-1A3956D46DE8}") = "Docs", "Docs", "{45DD5601-3186-460F-A50E-D4CF1022665A}"
	ProjectSection(SolutionItems) = preProject
		Copyright.md = Copyright.md
		License.md = License.md
		README.md = README.md
	EndProjectSection
EndProject
Project("{2150E333-8FDC-42A3-9474-1A3956D46DE8}") = "Build", "Build", "{9BE8C30E-E6CE-46A3-9ADF-7067F9C76431}"
	ProjectSection(SolutionItems) = preProject
		Directory.Build.props = Directory.Build.props
		Directory.Build.targets = Directory.Build.targets
	EndProjectSection
EndProject
Project("{2150E333-8FDC-42A3-9474-1A3956D46DE8}") = ".github", ".github", "{C2E9FEBA-4696-4819-9F22-D559C0E6C33B}"
EndProject
Project("{2150E333-8FDC-42A3-9474-1A3956D46DE8}") = "workflows", "workflows", "{4270F9F5-B20E-4C17-8D2B-24FC191685A0}"
	ProjectSection(SolutionItems) = preProject
		.github\workflows\dotnet.yml = .github\workflows\dotnet.yml
	EndProjectSection
EndProject
Global
	GlobalSection(SolutionConfigurationPlatforms) = preSolution
		Debug|Any CPU = Debug|Any CPU
		Release|Any CPU = Release|Any CPU
	EndGlobalSection
	GlobalSection(ProjectConfigurationPlatforms) = postSolution
		{EE83B427-6251-4F53-B13C-2F5EDBCDE1CC}.Debug|Any CPU.ActiveCfg = Debug|Any CPU
		{EE83B427-6251-4F53-B13C-2F5EDBCDE1CC}.Debug|Any CPU.Build.0 = Debug|Any CPU
		{EE83B427-6251-4F53-B13C-2F5EDBCDE1CC}.Release|Any CPU.ActiveCfg = Release|Any CPU
		{EE83B427-6251-4F53-B13C-2F5EDBCDE1CC}.Release|Any CPU.Build.0 = Release|Any CPU
		{324D432A-A644-4F12-9A7D-DB0881EF88C9}.Debug|Any CPU.ActiveCfg = Debug|Any CPU
		{324D432A-A644-4F12-9A7D-DB0881EF88C9}.Debug|Any CPU.Build.0 = Debug|Any CPU
		{324D432A-A644-4F12-9A7D-DB0881EF88C9}.Release|Any CPU.ActiveCfg = Release|Any CPU
		{324D432A-A644-4F12-9A7D-DB0881EF88C9}.Release|Any CPU.Build.0 = Release|Any CPU
		{CADE15D7-D3E8-4263-B9C7-788D4450760F}.Debug|Any CPU.ActiveCfg = Debug|Any CPU
		{CADE15D7-D3E8-4263-B9C7-788D4450760F}.Debug|Any CPU.Build.0 = Debug|Any CPU
		{CADE15D7-D3E8-4263-B9C7-788D4450760F}.Release|Any CPU.ActiveCfg = Release|Any CPU
		{CADE15D7-D3E8-4263-B9C7-788D4450760F}.Release|Any CPU.Build.0 = Release|Any CPU
	EndGlobalSection
	GlobalSection(SolutionProperties) = preSolution
		HideSolutionNode = FALSE
	EndGlobalSection
	GlobalSection(NestedProjects) = preSolution
		{5CA19DC6-6C0A-404E-B763-4998D465A20A} = {02B4116A-CFC5-4685-9B95-E0D141E5D7C0}
		{45DD5601-3186-460F-A50E-D4CF1022665A} = {02B4116A-CFC5-4685-9B95-E0D141E5D7C0}
		{9BE8C30E-E6CE-46A3-9ADF-7067F9C76431} = {02B4116A-CFC5-4685-9B95-E0D141E5D7C0}
		{C2E9FEBA-4696-4819-9F22-D559C0E6C33B} = {02B4116A-CFC5-4685-9B95-E0D141E5D7C0}
		{4270F9F5-B20E-4C17-8D2B-24FC191685A0} = {C2E9FEBA-4696-4819-9F22-D559C0E6C33B}
	EndGlobalSection
	GlobalSection(ExtensibilityGlobals) = postSolution
		SolutionGuid = {9C72CE3D-438E-404D-818D-7A4C576C6903}
	EndGlobalSection
EndGlobal
